<?xml version="1.0" encoding="utf-8"?>
<Project ToolsVersion="4.0" xmlns="http://schemas.microsoft.com/developer/msbuild/2003">
  <ItemGroup>
    <Filter Include="Source Files">
      <UniqueIdentifier>{4FC737F1-C7A5-4376-A066-2A32D752A2FF}</UniqueIdentifier>
      <Extensions>cpp;c;cc;cxx;c++;cppm;ixx;def;odl;idl;hpj;bat;asm;asmx</Extensions>
    </Filter>
    <Filter Include="Header Files">
      <UniqueIdentifier>{93995380-89BD-4b04-88EB-625FBE52EBFB}</UniqueIdentifier>
      <Extensions>h;hh;hpp;hxx;h++;hm;inl;inc;ipp;xsd</Extensions>
    </Filter>
    <Filter Include="Resource Files">
      <UniqueIdentifier>{67DA6AB6-F800-4c08-8B7A-83BB121AAD01}</UniqueIdentifier>
      <Extensions>rc;ico;cur;bmp;dlg;rc2;rct;bin;rgs;gif;jpg;jpeg;jpe;resx;tiff;tif;png;wav;mfcribbon-ms</Extensions>
    </Filter>
    <Filter Include="Source Files\Base">
      <UniqueIdentifier>{306b0269-3dbd-453d-b537-2e062925b63b}</UniqueIdentifier>
    </Filter>
    <Filter Include="Source Files\Math">
      <UniqueIdentifier>{b0aeb3f8-d9b0-4e04-916c-beb676244c43}</UniqueIdentifier>
    </Filter>
    <Filter Include="Source Files\Graphics">
      <UniqueIdentifier>{4b43df9d-0728-44ea-9787-5d0d7e2c681a}</UniqueIdentifier>
    </Filter>
    <Filter Include="Source Files\Window">
      <UniqueIdentifier>{7057b069-69f8-46c8-b4cd-38fc6d734460}</UniqueIdentifier>
    </Filter>
    <Filter Include="Source Files\Logging">
      <UniqueIdentifier>{21e711f4-aefa-482b-bcfd-b95c10939904}</UniqueIdentifier>
    </Filter>
    <Filter Include="Source Files\Thread">
      <UniqueIdentifier>{bef532d4-505c-42bd-bbdc-1ecc672c9439}</UniqueIdentifier>
    </Filter>
    <Filter Include="Header Files\Engine">
      <UniqueIdentifier>{812f9ed7-29cc-4b48-819a-d12f1c32b9d9}</UniqueIdentifier>
    </Filter>
    <Filter Include="Source Files\Engine">
      <UniqueIdentifier>{45b6caf9-899d-419d-8043-9acc78eb652c}</UniqueIdentifier>
    </Filter>
  </ItemGroup>
  <ItemGroup>
    <ClInclude Include="ct_base.h">
      <Filter>Header Files</Filter>
    </ClInclude>
    <ClInclude Include="ct_math.h">
      <Filter>Header Files</Filter>
    </ClInclude>
    <ClInclude Include="ct_gfx.h">
      <Filter>Header Files</Filter>
    </ClInclude>
    <ClInclude Include="ct_window.h">
      <Filter>Header Files</Filter>
    </ClInclude>
    <ClInclude Include="ct_logging.h">
      <Filter>Header Files</Filter>
    </ClInclude>
    <ClInclude Include="ct_thread.h">
      <Filter>Header Files</Filter>
    </ClInclude>
    <ClInclude Include="ct_g_handler.h">
      <Filter>Header Files\Engine</Filter>
    </ClInclude>
    <ClInclude Include="ct_data.h">
      <Filter>Header Files</Filter>
    </ClInclude>
  </ItemGroup>
  <ItemGroup>
    <ClCompile Include="ct_base_memory.c">
      <Filter>Source Files\Base</Filter>
    </ClCompile>
    <ClCompile Include="ct_base_dynlist.c">
      <Filter>Source Files\Base</Filter>
    </ClCompile>
    <ClCompile Include="ct_base_error.c">
      <Filter>Source Files\Base</Filter>
    </ClCompile>
    <ClCompile Include="ct_base_file.c">
      <Filter>Source Files\Base</Filter>
    </ClCompile>
    <ClCompile Include="ct_base_lock.c">
      <Filter>Source Files\Base</Filter>
    </ClCompile>
    <ClCompile Include="ct_math_vector.c">
      <Filter>Source Files\Math</Filter>
    </ClCompile>
    <ClCompile Include="ct_math_matrix.c">
      <Filter>Source Files\Math</Filter>
    </ClCompile>
    <ClCompile Include="ct_math_random.c">
      <Filter>Source Files\Math</Filter>
    </ClCompile>
    <ClCompile Include="ct_gfx_point.c">
      <Filter>Source Files\Graphics</Filter>
    </ClCompile>
    <ClCompile Include="ct_gfx_framebuffer.c">
      <Filter>Source Files\Graphics</Filter>
    </ClCompile>
    <ClCompile Include="ct_gfx_mesh.c">
      <Filter>Source Files\Graphics</Filter>
    </ClCompile>
    <ClCompile Include="ct_gfx_memory.c">
      <Filter>Source Files\Graphics</Filter>
    </ClCompile>
    <ClCompile Include="ct_gfx_shader.c">
      <Filter>Source Files\Graphics</Filter>
    </ClCompile>
    <ClCompile Include="ct_gfx_draw.c">
      <Filter>Source Files\Graphics</Filter>
    </ClCompile>
    <ClCompile Include="ct_gfx_color.c">
      <Filter>Source Files\Graphics</Filter>
    </ClCompile>
    <ClCompile Include="ct_window.c">
      <Filter>Source Files\Window</Filter>
    </ClCompile>
    <ClCompile Include="ct_logging.c">
      <Filter>Source Files\Logging</Filter>
    </ClCompile>
    <ClCompile Include="ct_thread.c">
      <Filter>Source Files\Thread</Filter>
    </ClCompile>
    <ClCompile Include="ct_g_handler.c">
      <Filter>Source Files\Engine</Filter>
    </ClCompile>
  </ItemGroup>
</Project>